
Microsoft Visual Studio Solution File, Format Version 12.00
# Visual Studio Version 17
VisualStudioVersion = 17.0.31903.59
MinimumVisualStudioVersion = 10.0.40219.1
Project("{FAE04EC0-301F-11D3-BF4B-00C04F79EFBC}") = "Tradeflow.Domain", "Tradeflow.Domain\Tradeflow.Domain.csproj", "{543147A8-1838-4EEF-BA17-FE4083972997}"
EndProject
Project("{FAE04EC0-301F-11D3-BF4B-00C04F79EFBC}") = "Tradeflow.Application", "Tradeflow.Application\Tradeflow.Application.csproj", "{5BF4B4E6-EE0F-447A-B358-301B49F5146A}"
EndProject
Project("{FAE04EC0-301F-11D3-BF4B-00C04F79EFBC}") = "Tradeflow.Infrastructure", "Tradeflow.Infrastructure\Tradeflow.Infrastructure.csproj", "{D6D1D753-D5C6-430D-B25A-1B416B45E821}"
EndProject
Project("{FAE04EC0-301F-11D3-BF4B-00C04F79EFBC}") = "Tradeflow.API", "Tradeflow.API\Tradeflow.API.csproj", "{9150DC05-A73C-46EF-9A9E-67B727848743}"
EndProject
Global
	GlobalSection(SolutionConfigurationPlatforms) = preSolution
		Debug|Any CPU = Debug|Any CPU
		Debug|x64 = Debug|x64
		Debug|x86 = Debug|x86
		Release|Any CPU = Release|Any CPU
		Release|x64 = Release|x64
		Release|x86 = Release|x86
	EndGlobalSection
	GlobalSection(ProjectConfigurationPlatforms) = postSolution
		{543147A8-1838-4EEF-BA17-FE4083972997}.Debug|Any CPU.ActiveCfg = Debug|Any CPU
		{543147A8-1838-4EEF-BA17-FE4083972997}.Debug|Any CPU.Build.0 = Debug|Any CPU
		{543147A8-1838-4EEF-BA17-FE4083972997}.Debug|x64.ActiveCfg = Debug|Any CPU
		{543147A8-1838-4EEF-BA17-FE4083972997}.Debug|x64.Build.0 = Debug|Any CPU
		{543147A8-1838-4EEF-BA17-FE4083972997}.Debug|x86.ActiveCfg = Debug|Any CPU
		{543147A8-1838-4EEF-BA17-FE4083972997}.Debug|x86.Build.0 = Debug|Any CPU
		{543147A8-1838-4EEF-BA17-FE4083972997}.Release|Any CPU.ActiveCfg = Release|Any CPU
		{543147A8-1838-4EEF-BA17-FE4083972997}.Release|Any CPU.Build.0 = Release|Any CPU
		{543147A8-1838-4EEF-BA17-FE4083972997}.Release|x64.ActiveCfg = Release|Any CPU
		{543147A8-1838-4EEF-BA17-FE4083972997}.Release|x64.Build.0 = Release|Any CPU
		{543147A8-1838-4EEF-BA17-FE4083972997}.Release|x86.ActiveCfg = Release|Any CPU
		{543147A8-1838-4EEF-BA17-FE4083972997}.Release|x86.Build.0 = Release|Any CPU
		{5BF4B4E6-EE0F-447A-B358-301B49F5146A}.Debug|Any CPU.ActiveCfg = Debug|Any CPU
		{5BF4B4E6-EE0F-447A-B358-301B49F5146A}.Debug|Any CPU.Build.0 = Debug|Any CPU
		{5BF4B4E6-EE0F-447A-B358-301B49F5146A}.Debug|x64.ActiveCfg = Debug|Any CPU
		{5BF4B4E6-EE0F-447A-B358-301B49F5146A}.Debug|x64.Build.0 = Debug|Any CPU
		{5BF4B4E6-EE0F-447A-B358-301B49F5146A}.Debug|x86.ActiveCfg = Debug|Any CPU
		{5BF4B4E6-EE0F-447A-B358-301B49F5146A}.Debug|x86.Build.0 = Debug|Any CPU
		{5BF4B4E6-EE0F-447A-B358-301B49F5146A}.Release|Any CPU.ActiveCfg = Release|Any CPU
		{5BF4B4E6-EE0F-447A-B358-301B49F5146A}.Release|Any CPU.Build.0 = Release|Any CPU
		{5BF4B4E6-EE0F-447A-B358-301B49F5146A}.Release|x64.ActiveCfg = Release|Any CPU
		{5BF4B4E6-EE0F-447A-B358-301B49F5146A}.Release|x64.Build.0 = Release|Any CPU
		{5BF4B4E6-EE0F-447A-B358-301B49F5146A}.Release|x86.ActiveCfg = Release|Any CPU
		{5BF4B4E6-EE0F-447A-B358-301B49F5146A}.Release|x86.Build.0 = Release|Any CPU
		{D6D1D753-D5C6-430D-B25A-1B416B45E821}.Debug|Any CPU.ActiveCfg = Debug|Any CPU
		{D6D1D753-D5C6-430D-B25A-1B416B45E821}.Debug|Any CPU.Build.0 = Debug|Any CPU
		{D6D1D753-D5C6-430D-B25A-1B416B45E821}.Debug|x64.ActiveCfg = Debug|Any CPU
		{D6D1D753-D5C6-430D-B25A-1B416B45E821}.Debug|x64.Build.0 = Debug|Any CPU
		{D6D1D753-D5C6-430D-B25A-1B416B45E821}.Debug|x86.ActiveCfg = Debug|Any CPU
		{D6D1D753-D5C6-430D-B25A-1B416B45E821}.Debug|x86.Build.0 = Debug|Any CPU
		{D6D1D753-D5C6-430D-B25A-1B416B45E821}.Release|Any CPU.ActiveCfg = Release|Any CPU
		{D6D1D753-D5C6-430D-B25A-1B416B45E821}.Release|Any CPU.Build.0 = Release|Any CPU
		{D6D1D753-D5C6-430D-B25A-1B416B45E821}.Release|x64.ActiveCfg = Release|Any CPU
		{D6D1D753-D5C6-430D-B25A-1B416B45E821}.Release|x64.Build.0 = Release|Any CPU
		{D6D1D753-D5C6-430D-B25A-1B416B45E821}.Release|x86.ActiveCfg = Release|Any CPU
		{D6D1D753-D5C6-430D-B25A-1B416B45E821}.Release|x86.Build.0 = Release|Any CPU
		{9150DC05-A73C-46EF-9A9E-67B727848743}.Debug|Any CPU.ActiveCfg = Debug|Any CPU
		{9150DC05-A73C-46EF-9A9E-67B727848743}.Debug|Any CPU.Build.0 = Debug|Any CPU
		{9150DC05-A73C-46EF-9A9E-67B727848743}.Debug|x64.ActiveCfg = Debug|Any CPU
		{9150DC05-A73C-46EF-9A9E-67B727848743}.Debug|x64.Build.0 = Debug|Any CPU
		{9150DC05-A73C-46EF-9A9E-67B727848743}.Debug|x86.ActiveCfg = Debug|Any CPU
		{9150DC05-A73C-46EF-9A9E-67B727848743}.Debug|x86.Build.0 = Debug|Any CPU
		{9150DC05-A73C-46EF-9A9E-67B727848743}.Release|Any CPU.ActiveCfg = Release|Any CPU
		{9150DC05-A73C-46EF-9A9E-67B727848743}.Release|Any CPU.Build.0 = Release|Any CPU
		{9150DC05-A73C-46EF-9A9E-67B727848743}.Release|x64.ActiveCfg = Release|Any CPU
		{9150DC05-A73C-46EF-9A9E-67B727848743}.Release|x64.Build.0 = Release|Any CPU
		{9150DC05-A73C-46EF-9A9E-67B727848743}.Release|x86.ActiveCfg = Release|Any CPU
		{9150DC05-A73C-46EF-9A9E-67B727848743}.Release|x86.Build.0 = Release|Any CPU
	EndGlobalSection
	GlobalSection(SolutionProperties) = preSolution
		HideSolutionNode = FALSE
	EndGlobalSection
EndGlobal
